
Microsoft Visual Studio Solution File, Format Version 12.00
# Visual Studio Version 17
VisualStudioVersion = 17.11.35312.102
MinimumVisualStudioVersion = 10.0.40219.1
Project("{FAE04EC0-301F-11D3-BF4B-00C04F79EFBC}") = "GelismisdStokVeritabani", "GelismisdStokVeritabani.csproj", "{61415E77-BE40-4E95-922A-6866A2DA659A}"
EndProject
Global
	GlobalSection(SolutionConfigurationPlatforms) = preSolution
		Debug|Any CPU = Debug|Any CPU
		Release|Any CPU = Release|Any CPU
	EndGlobalSection
	GlobalSection(ProjectConfigurationPlatforms) = postSolution
		{61415E77-BE40-4E95-922A-6866A2DA659A}.Debug|Any CPU.ActiveCfg = Debug|Any CPU
		{61415E77-BE40-4E95-922A-6866A2DA659A}.Debug|Any CPU.Build.0 = Debug|Any CPU
		{61415E77-BE40-4E95-922A-6866A2DA659A}.Release|Any CPU.ActiveCfg = Release|Any CPU
		{61415E77-BE40-4E95-922A-6866A2DA659A}.Release|Any CPU.Build.0 = Release|Any CPU
	EndGlobalSection
	GlobalSection(SolutionProperties) = preSolution
		HideSolutionNode = FALSE
	EndGlobalSection
	GlobalSection(ExtensibilityGlobals) = postSolution
		SolutionGuid = {528560D3-F0F2-4B75-8E7E-9FF63B03A7C1}
	EndGlobalSection
EndGlobal
